
Microsoft Visual Studio Solution File, Format Version 12.00
# Visual Studio 15
VisualStudioVersion = 15.0.27004.2006
MinimumVisualStudioVersion = 10.0.40219.1
Project("{FAE04EC0-301F-11D3-BF4B-00C04F79EFBC}") = "Examples-A-to-Z", "Examples-A-to-Z\Examples-A-to-Z.csproj", "{96D57658-B370-4AF7-AFB0-81B422E7C03A}"
EndProject
Global
	GlobalSection(SolutionConfigurationPlatforms) = preSolution
		Debug|Any CPU = Debug|Any CPU
		Release|Any CPU = Release|Any CPU
	EndGlobalSection
	GlobalSection(ProjectConfigurationPlatforms) = postSolution
		{96D57658-B370-4AF7-AFB0-81B422E7C03A}.Debug|Any CPU.ActiveCfg = Debug|Any CPU
		{96D57658-B370-4AF7-AFB0-81B422E7C03A}.Debug|Any CPU.Build.0 = Debug|Any CPU
		{96D57658-B370-4AF7-AFB0-81B422E7C03A}.Release|Any CPU.ActiveCfg = Release|Any CPU
		{96D57658-B370-4AF7-AFB0-81B422E7C03A}.Release|Any CPU.Build.0 = Release|Any CPU
	EndGlobalSection
	GlobalSection(SolutionProperties) = preSolution
		HideSolutionNode = FALSE
	EndGlobalSection
	GlobalSection(ExtensibilityGlobals) = postSolution
		SolutionGuid = {7EBBDB42-4FEF-44F3-ACC8-34BD06D2D99A}
	EndGlobalSection
EndGlobal
